
Microsoft Visual Studio Solution File, Format Version 12.00
# Visual Studio Version 17
VisualStudioVersion = 17.3.32825.248
MinimumVisualStudioVersion = 10.0.40219.1
Project("{8BC9CEB8-8B4A-11D0-8D11-00A0C91BC942}") = "22.11.22_lib", "22.11.22_lib\22.11.22_lib.vcxproj", "{18FAC7F9-45E5-4C32-BA98-604B48524706}"
EndProject
Project("{8BC9CEB8-8B4A-11D0-8D11-00A0C91BC942}") = "22.11.22", "22.11.22\22.11.22.vcxproj", "{086A98E5-8F5E-4ABD-BF36-41FD9143199D}"
EndProject
Global
	GlobalSection(SolutionConfigurationPlatforms) = preSolution
		Debug|x64 = Debug|x64
		Debug|x86 = Debug|x86
		Release|x64 = Release|x64
		Release|x86 = Release|x86
	EndGlobalSection
	GlobalSection(ProjectConfigurationPlatforms) = postSolution
		{18FAC7F9-45E5-4C32-BA98-604B48524706}.Debug|x64.ActiveCfg = Debug|x64
		{18FAC7F9-45E5-4C32-BA98-604B48524706}.Debug|x64.Build.0 = Debug|x64
		{18FAC7F9-45E5-4C32-BA98-604B48524706}.Debug|x86.ActiveCfg = Debug|Win32
		{18FAC7F9-45E5-4C32-BA98-604B48524706}.Debug|x86.Build.0 = Debug|Win32
		{18FAC7F9-45E5-4C32-BA98-604B48524706}.Release|x64.ActiveCfg = Release|x64
		{18FAC7F9-45E5-4C32-BA98-604B48524706}.Release|x64.Build.0 = Release|x64
		{18FAC7F9-45E5-4C32-BA98-604B48524706}.Release|x86.ActiveCfg = Release|Win32
		{18FAC7F9-45E5-4C32-BA98-604B48524706}.Release|x86.Build.0 = Release|Win32
		{086A98E5-8F5E-4ABD-BF36-41FD9143199D}.Debug|x64.ActiveCfg = Debug|x64
		{086A98E5-8F5E-4ABD-BF36-41FD9143199D}.Debug|x64.Build.0 = Debug|x64
		{086A98E5-8F5E-4ABD-BF36-41FD9143199D}.Debug|x86.ActiveCfg = Debug|Win32
		{086A98E5-8F5E-4ABD-BF36-41FD9143199D}.Debug|x86.Build.0 = Debug|Win32
		{086A98E5-8F5E-4ABD-BF36-41FD9143199D}.Release|x64.ActiveCfg = Release|x64
		{086A98E5-8F5E-4ABD-BF36-41FD9143199D}.Release|x64.Build.0 = Release|x64
		{086A98E5-8F5E-4ABD-BF36-41FD9143199D}.Release|x86.ActiveCfg = Release|Win32
		{086A98E5-8F5E-4ABD-BF36-41FD9143199D}.Release|x86.Build.0 = Release|Win32
	EndGlobalSection
	GlobalSection(SolutionProperties) = preSolution
		HideSolutionNode = FALSE
	EndGlobalSection
	GlobalSection(ExtensibilityGlobals) = postSolution
		SolutionGuid = {E11A5EBD-245B-49CB-B83D-3103948DD1E1}
	EndGlobalSection
EndGlobal
